// !$*UTF8*$!
{
	archiveVersion = 1;
	classes = {
	};
	objectVersion = 46;
	objects = {

/* Begin PBXBuildFile section */
		A21037D81C71BF9100B1D8B3 /* NewsSearch.xcdatamodeld in Sources */ = {isa = PBXBuildFile; fileRef = A21037D61C71BF9100B1D8B3 /* NewsSearch.xcdatamodeld */; };
		A215C56E1C91249700FA0E4D /* ITBAddCustomNewsViewController.m in Sources */ = {isa = PBXBuildFile; fileRef = A215C56D1C91249700FA0E4D /* ITBAddCustomNewsViewController.m */; };
		A2295E881C6C97500019892A /* ITBCategoriesViewController.m in Sources */ = {isa = PBXBuildFile; fileRef = A2295E871C6C97500019892A /* ITBCategoriesViewController.m */; };
		A22F78EA1C60B0CD00340FC0 /* main.m in Sources */ = {isa = PBXBuildFile; fileRef = A22F78E91C60B0CD00340FC0 /* main.m */; };
		A22F78ED1C60B0CD00340FC0 /* AppDelegate.m in Sources */ = {isa = PBXBuildFile; fileRef = A22F78EC1C60B0CD00340FC0 /* AppDelegate.m */; };
		A22F78F31C60B0CD00340FC0 /* Main.storyboard in Resources */ = {isa = PBXBuildFile; fileRef = A22F78F11C60B0CD00340FC0 /* Main.storyboard */; };
		A22F78F51C60B0CD00340FC0 /* Assets.xcassets in Resources */ = {isa = PBXBuildFile; fileRef = A22F78F41C60B0CD00340FC0 /* Assets.xcassets */; };
		A22F78F81C60B0CD00340FC0 /* LaunchScreen.storyboard in Resources */ = {isa = PBXBuildFile; fileRef = A22F78F61C60B0CD00340FC0 /* LaunchScreen.storyboard */; };
		A22F79031C60B0CD00340FC0 /* NewsSearchTests.m in Sources */ = {isa = PBXBuildFile; fileRef = A22F79021C60B0CD00340FC0 /* NewsSearchTests.m */; };
		A236F1801C6E2861001D0902 /* ITBNewsDetailViewController.m in Sources */ = {isa = PBXBuildFile; fileRef = A236F17F1C6E2861001D0902 /* ITBNewsDetailViewController.m */; };
		A236F1831C6E3B12001D0902 /* Localizable.strings in Resources */ = {isa = PBXBuildFile; fileRef = A236F1851C6E3B12001D0902 /* Localizable.strings */; };
		A2689EE11C68BFFB0081E8BE /* ITBNewsCell.m in Sources */ = {isa = PBXBuildFile; fileRef = A2689EE01C68BFFB0081E8BE /* ITBNewsCell.m */; };
		A2778AE31C8858D800FF3E65 /* ITBUtils.m in Sources */ = {isa = PBXBuildFile; fileRef = A2778AE21C8858D800FF3E65 /* ITBUtils.m */; };
		A27F8F621C737352007111CB /* ITBHotNewsViewController.m in Sources */ = {isa = PBXBuildFile; fileRef = A27F8F611C737352007111CB /* ITBHotNewsViewController.m */; };
		A280FCD91C8709B500E78073 /* Social.framework in Frameworks */ = {isa = PBXBuildFile; fileRef = A280FCD81C8709B500E78073 /* Social.framework */; };
		A280FCDB1C87219300E78073 /* MapKit.framework in Frameworks */ = {isa = PBXBuildFile; fileRef = A280FCDA1C87219300E78073 /* MapKit.framework */; };
		A280FCE11C8732F600E78073 /* CoreLocation.framework in Frameworks */ = {isa = PBXBuildFile; fileRef = A280FCE01C8732F600E78073 /* CoreLocation.framework */; };
		A2CD8ABC1C929A2F00B2A974 /* ITBThumbnailPhotoCell.m in Sources */ = {isa = PBXBuildFile; fileRef = A2CD8ABB1C929A2F00B2A974 /* ITBThumbnailPhotoCell.m */; };
		A2D00EB31C97C70900D988B2 /* ITBAddPhotoCell.m in Sources */ = {isa = PBXBuildFile; fileRef = A2D00EB21C97C70900D988B2 /* ITBAddPhotoCell.m */; };
		A2D00EBE1C98758D00D988B2 /* ITBPhoto+CoreDataProperties.m in Sources */ = {isa = PBXBuildFile; fileRef = A2D00EB91C98758D00D988B2 /* ITBPhoto+CoreDataProperties.m */; };
		A2D00EBF1C98758D00D988B2 /* ITBPhoto.m in Sources */ = {isa = PBXBuildFile; fileRef = A2D00EBB1C98758D00D988B2 /* ITBPhoto.m */; };
		A2D00EC21C9EAE3900D988B2 /* ITBMapViewController.m in Sources */ = {isa = PBXBuildFile; fileRef = A2D00EC11C9EAE3900D988B2 /* ITBMapViewController.m */; };
		A2D00EC51C9EC66900D988B2 /* ITBMapAnnotation.m in Sources */ = {isa = PBXBuildFile; fileRef = A2D00EC41C9EC66900D988B2 /* ITBMapAnnotation.m */; };
		A2D00EE21CA11DC100D988B2 /* ITBNews+CoreDataProperties.m in Sources */ = {isa = PBXBuildFile; fileRef = A2D00EDF1CA11DC100D988B2 /* ITBNews+CoreDataProperties.m */; };
		A2D00EE31CA11DC100D988B2 /* ITBNews.m in Sources */ = {isa = PBXBuildFile; fileRef = A2D00EE11CA11DC100D988B2 /* ITBNews.m */; };
		A2D5D2CF1C8F1DB300136AD3 /* ITBCustomNewsDetailViewController.m in Sources */ = {isa = PBXBuildFile; fileRef = A2D5D2CE1C8F1DB300136AD3 /* ITBCustomNewsDetailViewController.m */; };
		A2D5D2F21C907A4600136AD3 /* ITBCategory+CoreDataProperties.m in Sources */ = {isa = PBXBuildFile; fileRef = A2D5D2E71C907A4600136AD3 /* ITBCategory+CoreDataProperties.m */; };
		A2D5D2F31C907A4600136AD3 /* ITBCategory.m in Sources */ = {isa = PBXBuildFile; fileRef = A2D5D2E91C907A4600136AD3 /* ITBCategory.m */; };
		A2D5D2F41C907A4600136AD3 /* ITBUser+CoreDataProperties.m in Sources */ = {isa = PBXBuildFile; fileRef = A2D5D2EB1C907A4600136AD3 /* ITBUser+CoreDataProperties.m */; };
		A2D5D2F51C907A4600136AD3 /* ITBUser.m in Sources */ = {isa = PBXBuildFile; fileRef = A2D5D2ED1C907A4600136AD3 /* ITBUser.m */; };
		A2D5D9A41C69D6B000AAB625 /* ITBLoginTableViewController.m in Sources */ = {isa = PBXBuildFile; fileRef = A2D5D9A31C69D6B000AAB625 /* ITBLoginTableViewController.m */; };
		A2EB7D311C85ED0D0056AD1F /* ITBActiveNewsCell.m in Sources */ = {isa = PBXBuildFile; fileRef = A2EB7D301C85ED0D0056AD1F /* ITBActiveNewsCell.m */; };
		A2F08EB11C6B1FC10008B932 /* ITBSignInTableViewController.m in Sources */ = {isa = PBXBuildFile; fileRef = A2F08EB01C6B1FC10008B932 /* ITBSignInTableViewController.m */; };
		A2F5E86A1C7C7DB600677907 /* ITBNewsAPI.m in Sources */ = {isa = PBXBuildFile; fileRef = A2F5E8691C7C7DB600677907 /* ITBNewsAPI.m */; };
		A2F5E86D1C7C7F7500677907 /* ITBRestClient.m in Sources */ = {isa = PBXBuildFile; fileRef = A2F5E86C1C7C7F7500677907 /* ITBRestClient.m */; };
		A2F5E8701C7C7FF600677907 /* ITBCoreDataManager.m in Sources */ = {isa = PBXBuildFile; fileRef = A2F5E86F1C7C7FF600677907 /* ITBCoreDataManager.m */; };
/* End PBXBuildFile section */

/* Begin PBXContainerItemProxy section */
		A22F78FF1C60B0CD00340FC0 /* PBXContainerItemProxy */ = {
			isa = PBXContainerItemProxy;
			containerPortal = A22F78DD1C60B0CD00340FC0 /* Project object */;
			proxyType = 1;
			remoteGlobalIDString = A22F78E41C60B0CD00340FC0;
			remoteInfo = NewsSearch;
		};
/* End PBXContainerItemProxy section */

/* Begin PBXFileReference section */
		A21037D71C71BF9100B1D8B3 /* NewsSearch.xcdatamodel */ = {isa = PBXFileReference; lastKnownFileType = wrapper.xcdatamodel; path = NewsSearch.xcdatamodel; sourceTree = "<group>"; };
		A215C56C1C91249700FA0E4D /* ITBAddCustomNewsViewController.h */ = {isa = PBXFileReference; fileEncoding = 4; lastKnownFileType = sourcecode.c.h; path = ITBAddCustomNewsViewController.h; sourceTree = "<group>"; };
		A215C56D1C91249700FA0E4D /* ITBAddCustomNewsViewController.m */ = {isa = PBXFileReference; fileEncoding = 4; lastKnownFileType = sourcecode.c.objc; path = ITBAddCustomNewsViewController.m; sourceTree = "<group>"; };
		A2295E861C6C97500019892A /* ITBCategoriesViewController.h */ = {isa = PBXFileReference; fileEncoding = 4; lastKnownFileType = sourcecode.c.h; path = ITBCategoriesViewController.h; sourceTree = "<group>"; };
		A2295E871C6C97500019892A /* ITBCategoriesViewController.m */ = {isa = PBXFileReference; fileEncoding = 4; lastKnownFileType = sourcecode.c.objc; path = ITBCategoriesViewController.m; sourceTree = "<group>"; };
		A22F78E51C60B0CD00340FC0 /* NewsSearch.app */ = {isa = PBXFileReference; explicitFileType = wrapper.application; includeInIndex = 0; path = NewsSearch.app; sourceTree = BUILT_PRODUCTS_DIR; };
		A22F78E91C60B0CD00340FC0 /* main.m */ = {isa = PBXFileReference; lastKnownFileType = sourcecode.c.objc; path = main.m; sourceTree = "<group>"; };
		A22F78EB1C60B0CD00340FC0 /* AppDelegate.h */ = {isa = PBXFileReference; lastKnownFileType = sourcecode.c.h; path = AppDelegate.h; sourceTree = "<group>"; };
		A22F78EC1C60B0CD00340FC0 /* AppDelegate.m */ = {isa = PBXFileReference; lastKnownFileType = sourcecode.c.objc; path = AppDelegate.m; sourceTree = "<group>"; };
		A22F78F21C60B0CD00340FC0 /* Base */ = {isa = PBXFileReference; lastKnownFileType = file.storyboard; name = Base; path = Base.lproj/Main.storyboard; sourceTree = "<group>"; };
		A22F78F41C60B0CD00340FC0 /* Assets.xcassets */ = {isa = PBXFileReference; lastKnownFileType = folder.assetcatalog; path = Assets.xcassets; sourceTree = "<group>"; };
		A22F78F71C60B0CD00340FC0 /* Base */ = {isa = PBXFileReference; lastKnownFileType = file.storyboard; name = Base; path = Base.lproj/LaunchScreen.storyboard; sourceTree = "<group>"; };
		A22F78F91C60B0CD00340FC0 /* Info.plist */ = {isa = PBXFileReference; lastKnownFileType = text.plist.xml; path = Info.plist; sourceTree = "<group>"; };
		A22F78FE1C60B0CD00340FC0 /* NewsSearchTests.xctest */ = {isa = PBXFileReference; explicitFileType = wrapper.cfbundle; includeInIndex = 0; path = NewsSearchTests.xctest; sourceTree = BUILT_PRODUCTS_DIR; };
		A22F79021C60B0CD00340FC0 /* NewsSearchTests.m */ = {isa = PBXFileReference; lastKnownFileType = sourcecode.c.objc; path = NewsSearchTests.m; sourceTree = "<group>"; };
		A22F79041C60B0CD00340FC0 /* Info.plist */ = {isa = PBXFileReference; lastKnownFileType = text.plist.xml; path = Info.plist; sourceTree = "<group>"; };
		A236F17E1C6E2861001D0902 /* ITBNewsDetailViewController.h */ = {isa = PBXFileReference; fileEncoding = 4; lastKnownFileType = sourcecode.c.h; path = ITBNewsDetailViewController.h; sourceTree = "<group>"; };
		A236F17F1C6E2861001D0902 /* ITBNewsDetailViewController.m */ = {isa = PBXFileReference; fileEncoding = 4; lastKnownFileType = sourcecode.c.objc; path = ITBNewsDetailViewController.m; sourceTree = "<group>"; };
		A236F1811C6E39EC001D0902 /* ru */ = {isa = PBXFileReference; lastKnownFileType = text.plist.strings; name = ru; path = ru.lproj/Main.strings; sourceTree = "<group>"; };
		A236F1821C6E39EC001D0902 /* ru */ = {isa = PBXFileReference; lastKnownFileType = text.plist.strings; name = ru; path = ru.lproj/LaunchScreen.strings; sourceTree = "<group>"; };
		A236F1841C6E3B12001D0902 /* en */ = {isa = PBXFileReference; lastKnownFileType = text.plist.strings; name = en; path = en.lproj/Localizable.strings; sourceTree = "<group>"; };
		A236F1861C6E3B6A001D0902 /* ru */ = {isa = PBXFileReference; lastKnownFileType = text.plist.strings; name = ru; path = ru.lproj/Localizable.strings; sourceTree = "<group>"; };
		A2689EDF1C68BFFB0081E8BE /* ITBNewsCell.h */ = {isa = PBXFileReference; fileEncoding = 4; lastKnownFileType = sourcecode.c.h; path = ITBNewsCell.h; sourceTree = "<group>"; };
		A2689EE01C68BFFB0081E8BE /* ITBNewsCell.m */ = {isa = PBXFileReference; fileEncoding = 4; lastKnownFileType = sourcecode.c.objc; path = ITBNewsCell.m; sourceTree = "<group>"; };
		A2778AE11C8858D800FF3E65 /* ITBUtils.h */ = {isa = PBXFileReference; fileEncoding = 4; lastKnownFileType = sourcecode.c.h; path = ITBUtils.h; sourceTree = "<group>"; };
		A2778AE21C8858D800FF3E65 /* ITBUtils.m */ = {isa = PBXFileReference; fileEncoding = 4; lastKnownFileType = sourcecode.c.objc; path = ITBUtils.m; sourceTree = "<group>"; };
		A27F8F601C737352007111CB /* ITBHotNewsViewController.h */ = {isa = PBXFileReference; fileEncoding = 4; lastKnownFileType = sourcecode.c.h; path = ITBHotNewsViewController.h; sourceTree = "<group>"; };
		A27F8F611C737352007111CB /* ITBHotNewsViewController.m */ = {isa = PBXFileReference; fileEncoding = 4; lastKnownFileType = sourcecode.c.objc; path = ITBHotNewsViewController.m; sourceTree = "<group>"; };
		A280FCD71C86CB5E00E78073 /* ITBNewsCellDelegate.h */ = {isa = PBXFileReference; fileEncoding = 4; lastKnownFileType = sourcecode.c.h; path = ITBNewsCellDelegate.h; sourceTree = "<group>"; };
		A280FCD81C8709B500E78073 /* Social.framework */ = {isa = PBXFileReference; lastKnownFileType = wrapper.framework; name = Social.framework; path = System/Library/Frameworks/Social.framework; sourceTree = SDKROOT; };
		A280FCDA1C87219300E78073 /* MapKit.framework */ = {isa = PBXFileReference; lastKnownFileType = wrapper.framework; name = MapKit.framework; path = System/Library/Frameworks/MapKit.framework; sourceTree = SDKROOT; };
		A280FCE01C8732F600E78073 /* CoreLocation.framework */ = {isa = PBXFileReference; lastKnownFileType = wrapper.framework; name = CoreLocation.framework; path = System/Library/Frameworks/CoreLocation.framework; sourceTree = SDKROOT; };
		A2CD8ABA1C929A2F00B2A974 /* ITBThumbnailPhotoCell.h */ = {isa = PBXFileReference; fileEncoding = 4; lastKnownFileType = sourcecode.c.h; path = ITBThumbnailPhotoCell.h; sourceTree = "<group>"; };
		A2CD8ABB1C929A2F00B2A974 /* ITBThumbnailPhotoCell.m */ = {isa = PBXFileReference; fileEncoding = 4; lastKnownFileType = sourcecode.c.objc; path = ITBThumbnailPhotoCell.m; sourceTree = "<group>"; };
		A2D00EB11C97C70900D988B2 /* ITBAddPhotoCell.h */ = {isa = PBXFileReference; fileEncoding = 4; lastKnownFileType = sourcecode.c.h; path = ITBAddPhotoCell.h; sourceTree = "<group>"; };
		A2D00EB21C97C70900D988B2 /* ITBAddPhotoCell.m */ = {isa = PBXFileReference; fileEncoding = 4; lastKnownFileType = sourcecode.c.objc; path = ITBAddPhotoCell.m; sourceTree = "<group>"; };
		A2D00EB81C98758D00D988B2 /* ITBPhoto+CoreDataProperties.h */ = {isa = PBXFileReference; fileEncoding = 4; lastKnownFileType = sourcecode.c.h; path = "ITBPhoto+CoreDataProperties.h"; sourceTree = "<group>"; };
		A2D00EB91C98758D00D988B2 /* ITBPhoto+CoreDataProperties.m */ = {isa = PBXFileReference; fileEncoding = 4; lastKnownFileType = sourcecode.c.objc; path = "ITBPhoto+CoreDataProperties.m"; sourceTree = "<group>"; };
		A2D00EBA1C98758D00D988B2 /* ITBPhoto.h */ = {isa = PBXFileReference; fileEncoding = 4; lastKnownFileType = sourcecode.c.h; path = ITBPhoto.h; sourceTree = "<group>"; };
		A2D00EBB1C98758D00D988B2 /* ITBPhoto.m */ = {isa = PBXFileReference; fileEncoding = 4; lastKnownFileType = sourcecode.c.objc; path = ITBPhoto.m; sourceTree = "<group>"; };
		A2D00EC01C9EAE3900D988B2 /* ITBMapViewController.h */ = {isa = PBXFileReference; fileEncoding = 4; lastKnownFileType = sourcecode.c.h; path = ITBMapViewController.h; sourceTree = "<group>"; };
		A2D00EC11C9EAE3900D988B2 /* ITBMapViewController.m */ = {isa = PBXFileReference; fileEncoding = 4; lastKnownFileType = sourcecode.c.objc; path = ITBMapViewController.m; sourceTree = "<group>"; };
		A2D00EC31C9EC66900D988B2 /* ITBMapAnnotation.h */ = {isa = PBXFileReference; fileEncoding = 4; lastKnownFileType = sourcecode.c.h; path = ITBMapAnnotation.h; sourceTree = "<group>"; };
		A2D00EC41C9EC66900D988B2 /* ITBMapAnnotation.m */ = {isa = PBXFileReference; fileEncoding = 4; lastKnownFileType = sourcecode.c.objc; path = ITBMapAnnotation.m; sourceTree = "<group>"; };
		A2D00EDE1CA11DC100D988B2 /* ITBNews+CoreDataProperties.h */ = {isa = PBXFileReference; fileEncoding = 4; lastKnownFileType = sourcecode.c.h; path = "ITBNews+CoreDataProperties.h"; sourceTree = "<group>"; };
		A2D00EDF1CA11DC100D988B2 /* ITBNews+CoreDataProperties.m */ = {isa = PBXFileReference; fileEncoding = 4; lastKnownFileType = sourcecode.c.objc; path = "ITBNews+CoreDataProperties.m"; sourceTree = "<group>"; };
		A2D00EE01CA11DC100D988B2 /* ITBNews.h */ = {isa = PBXFileReference; fileEncoding = 4; lastKnownFileType = sourcecode.c.h; path = ITBNews.h; sourceTree = "<group>"; };
		A2D00EE11CA11DC100D988B2 /* ITBNews.m */ = {isa = PBXFileReference; fileEncoding = 4; lastKnownFileType = sourcecode.c.objc; path = ITBNews.m; sourceTree = "<group>"; };
		A2D5D2CD1C8F1DB300136AD3 /* ITBCustomNewsDetailViewController.h */ = {isa = PBXFileReference; fileEncoding = 4; lastKnownFileType = sourcecode.c.h; path = ITBCustomNewsDetailViewController.h; sourceTree = "<group>"; };
		A2D5D2CE1C8F1DB300136AD3 /* ITBCustomNewsDetailViewController.m */ = {isa = PBXFileReference; fileEncoding = 4; lastKnownFileType = sourcecode.c.objc; path = ITBCustomNewsDetailViewController.m; sourceTree = "<group>"; };
		A2D5D2E61C907A4600136AD3 /* ITBCategory+CoreDataProperties.h */ = {isa = PBXFileReference; fileEncoding = 4; lastKnownFileType = sourcecode.c.h; path = "ITBCategory+CoreDataProperties.h"; sourceTree = "<group>"; };
		A2D5D2E71C907A4600136AD3 /* ITBCategory+CoreDataProperties.m */ = {isa = PBXFileReference; fileEncoding = 4; lastKnownFileType = sourcecode.c.objc; path = "ITBCategory+CoreDataProperties.m"; sourceTree = "<group>"; };
		A2D5D2E81C907A4600136AD3 /* ITBCategory.h */ = {isa = PBXFileReference; fileEncoding = 4; lastKnownFileType = sourcecode.c.h; path = ITBCategory.h; sourceTree = "<group>"; };
		A2D5D2E91C907A4600136AD3 /* ITBCategory.m */ = {isa = PBXFileReference; fileEncoding = 4; lastKnownFileType = sourcecode.c.objc; path = ITBCategory.m; sourceTree = "<group>"; };
		A2D5D2EA1C907A4600136AD3 /* ITBUser+CoreDataProperties.h */ = {isa = PBXFileReference; fileEncoding = 4; lastKnownFileType = sourcecode.c.h; path = "ITBUser+CoreDataProperties.h"; sourceTree = "<group>"; };
		A2D5D2EB1C907A4600136AD3 /* ITBUser+CoreDataProperties.m */ = {isa = PBXFileReference; fileEncoding = 4; lastKnownFileType = sourcecode.c.objc; path = "ITBUser+CoreDataProperties.m"; sourceTree = "<group>"; };
		A2D5D2EC1C907A4600136AD3 /* ITBUser.h */ = {isa = PBXFileReference; fileEncoding = 4; lastKnownFileType = sourcecode.c.h; path = ITBUser.h; sourceTree = "<group>"; };
		A2D5D2ED1C907A4600136AD3 /* ITBUser.m */ = {isa = PBXFileReference; fileEncoding = 4; lastKnownFileType = sourcecode.c.objc; path = ITBUser.m; sourceTree = "<group>"; };
		A2D5D9A21C69D6B000AAB625 /* ITBLoginTableViewController.h */ = {isa = PBXFileReference; fileEncoding = 4; lastKnownFileType = sourcecode.c.h; path = ITBLoginTableViewController.h; sourceTree = "<group>"; };
		A2D5D9A31C69D6B000AAB625 /* ITBLoginTableViewController.m */ = {isa = PBXFileReference; fileEncoding = 4; lastKnownFileType = sourcecode.c.objc; path = ITBLoginTableViewController.m; sourceTree = "<group>"; };
		A2EB7D2F1C85ED0D0056AD1F /* ITBActiveNewsCell.h */ = {isa = PBXFileReference; fileEncoding = 4; lastKnownFileType = sourcecode.c.h; path = ITBActiveNewsCell.h; sourceTree = "<group>"; };
		A2EB7D301C85ED0D0056AD1F /* ITBActiveNewsCell.m */ = {isa = PBXFileReference; fileEncoding = 4; lastKnownFileType = sourcecode.c.objc; path = ITBActiveNewsCell.m; sourceTree = "<group>"; };
		A2F08EAF1C6B1FC10008B932 /* ITBSignInTableViewController.h */ = {isa = PBXFileReference; fileEncoding = 4; lastKnownFileType = sourcecode.c.h; path = ITBSignInTableViewController.h; sourceTree = "<group>"; };
		A2F08EB01C6B1FC10008B932 /* ITBSignInTableViewController.m */ = {isa = PBXFileReference; fileEncoding = 4; lastKnownFileType = sourcecode.c.objc; path = ITBSignInTableViewController.m; sourceTree = "<group>"; };
		A2F5E8681C7C7DB600677907 /* ITBNewsAPI.h */ = {isa = PBXFileReference; fileEncoding = 4; lastKnownFileType = sourcecode.c.h; path = ITBNewsAPI.h; sourceTree = "<group>"; };
		A2F5E8691C7C7DB600677907 /* ITBNewsAPI.m */ = {isa = PBXFileReference; fileEncoding = 4; lastKnownFileType = sourcecode.c.objc; path = ITBNewsAPI.m; sourceTree = "<group>"; };
		A2F5E86B1C7C7F7500677907 /* ITBRestClient.h */ = {isa = PBXFileReference; fileEncoding = 4; lastKnownFileType = sourcecode.c.h; path = ITBRestClient.h; sourceTree = "<group>"; };
		A2F5E86C1C7C7F7500677907 /* ITBRestClient.m */ = {isa = PBXFileReference; fileEncoding = 4; lastKnownFileType = sourcecode.c.objc; path = ITBRestClient.m; sourceTree = "<group>"; };
		A2F5E86E1C7C7FF600677907 /* ITBCoreDataManager.h */ = {isa = PBXFileReference; fileEncoding = 4; lastKnownFileType = sourcecode.c.h; path = ITBCoreDataManager.h; sourceTree = "<group>"; };
		A2F5E86F1C7C7FF600677907 /* ITBCoreDataManager.m */ = {isa = PBXFileReference; fileEncoding = 4; lastKnownFileType = sourcecode.c.objc; path = ITBCoreDataManager.m; sourceTree = "<group>"; };
/* End PBXFileReference section */

/* Begin PBXFrameworksBuildPhase section */
		A22F78E21C60B0CD00340FC0 /* Frameworks */ = {
			isa = PBXFrameworksBuildPhase;
			buildActionMask = 2147483647;
			files = (
				A280FCE11C8732F600E78073 /* CoreLocation.framework in Frameworks */,
				A280FCDB1C87219300E78073 /* MapKit.framework in Frameworks */,
				A280FCD91C8709B500E78073 /* Social.framework in Frameworks */,
			);
			runOnlyForDeploymentPostprocessing = 0;
		};
		A22F78FB1C60B0CD00340FC0 /* Frameworks */ = {
			isa = PBXFrameworksBuildPhase;
			buildActionMask = 2147483647;
			files = (
			);
			runOnlyForDeploymentPostprocessing = 0;
		};
/* End PBXFrameworksBuildPhase section */

/* Begin PBXGroup section */
		A2295E821C6C81A50019892A /* Popover */ = {
			isa = PBXGroup;
			children = (
				A2295E861C6C97500019892A /* ITBCategoriesViewController.h */,
				A2295E871C6C97500019892A /* ITBCategoriesViewController.m */,
			);
			name = Popover;
			sourceTree = "<group>";
		};
		A22F78DC1C60B0CD00340FC0 = {
			isa = PBXGroup;
			children = (
				A22F78E71C60B0CD00340FC0 /* NewsSearch */,
				A280FCDC1C8721DA00E78073 /* Frameworks */,
				A22F79011C60B0CD00340FC0 /* NewsSearchTests */,
				A22F78E61C60B0CD00340FC0 /* Products */,
			);
			sourceTree = "<group>";
		};
		A22F78E61C60B0CD00340FC0 /* Products */ = {
			isa = PBXGroup;
			children = (
				A22F78E51C60B0CD00340FC0 /* NewsSearch.app */,
				A22F78FE1C60B0CD00340FC0 /* NewsSearchTests.xctest */,
			);
			name = Products;
			sourceTree = "<group>";
		};
		A22F78E71C60B0CD00340FC0 /* NewsSearch */ = {
			isa = PBXGroup;
			children = (
				A22F790D1C60D30000340FC0 /* API */,
				A22F79141C60E2A300340FC0 /* Models */,
				A2689EDE1C68BFB80081E8BE /* Cells */,
				A22F791E1C60E46E00340FC0 /* ViewControllers */,
				A22F78EB1C60B0CD00340FC0 /* AppDelegate.h */,
				A22F78EC1C60B0CD00340FC0 /* AppDelegate.m */,
				A22F78F11C60B0CD00340FC0 /* Main.storyboard */,
				A22F78F41C60B0CD00340FC0 /* Assets.xcassets */,
				A22F78F61C60B0CD00340FC0 /* LaunchScreen.storyboard */,
				A21037D61C71BF9100B1D8B3 /* NewsSearch.xcdatamodeld */,
				A22F78F91C60B0CD00340FC0 /* Info.plist */,
				A22F78E81C60B0CD00340FC0 /* Supporting Files */,
			);
			path = NewsSearch;
			sourceTree = "<group>";
		};
		A22F78E81C60B0CD00340FC0 /* Supporting Files */ = {
			isa = PBXGroup;
			children = (
				A2778AE11C8858D800FF3E65 /* ITBUtils.h */,
				A2778AE21C8858D800FF3E65 /* ITBUtils.m */,
				A236F1851C6E3B12001D0902 /* Localizable.strings */,
				A22F78E91C60B0CD00340FC0 /* main.m */,
			);
			name = "Supporting Files";
			sourceTree = "<group>";
		};
		A22F79011C60B0CD00340FC0 /* NewsSearchTests */ = {
			isa = PBXGroup;
			children = (
				A22F79021C60B0CD00340FC0 /* NewsSearchTests.m */,
				A22F79041C60B0CD00340FC0 /* Info.plist */,
			);
			path = NewsSearchTests;
			sourceTree = "<group>";
		};
		A22F790D1C60D30000340FC0 /* API */ = {
			isa = PBXGroup;
			children = (
				A2F5E8681C7C7DB600677907 /* ITBNewsAPI.h */,
				A2F5E8691C7C7DB600677907 /* ITBNewsAPI.m */,
				A2F5E86B1C7C7F7500677907 /* ITBRestClient.h */,
				A2F5E86C1C7C7F7500677907 /* ITBRestClient.m */,
				A2F5E86E1C7C7FF600677907 /* ITBCoreDataManager.h */,
				A2F5E86F1C7C7FF600677907 /* ITBCoreDataManager.m */,
			);
			name = API;
			sourceTree = "<group>";
		};
		A22F79141C60E2A300340FC0 /* Models */ = {
			isa = PBXGroup;
			children = (
				A25D3D021CA27C300028BB76 /* NSManagedObjects */,
				A25D3D011CA27BD40028BB76 /* MapAnnotation */,
			);
			name = Models;
			sourceTree = "<group>";
		};
		A22F791E1C60E46E00340FC0 /* ViewControllers */ = {
			isa = PBXGroup;
			children = (
				A2D5D9A21C69D6B000AAB625 /* ITBLoginTableViewController.h */,
				A2D5D9A31C69D6B000AAB625 /* ITBLoginTableViewController.m */,
				A2F08EAF1C6B1FC10008B932 /* ITBSignInTableViewController.h */,
				A2F08EB01C6B1FC10008B932 /* ITBSignInTableViewController.m */,
				A236F17E1C6E2861001D0902 /* ITBNewsDetailViewController.h */,
				A236F17F1C6E2861001D0902 /* ITBNewsDetailViewController.m */,
				A2D5D2CD1C8F1DB300136AD3 /* ITBCustomNewsDetailViewController.h */,
				A2D5D2CE1C8F1DB300136AD3 /* ITBCustomNewsDetailViewController.m */,
				A215C56C1C91249700FA0E4D /* ITBAddCustomNewsViewController.h */,
				A215C56D1C91249700FA0E4D /* ITBAddCustomNewsViewController.m */,
				A2D00EC01C9EAE3900D988B2 /* ITBMapViewController.h */,
				A2D00EC11C9EAE3900D988B2 /* ITBMapViewController.m */,
				A27F8F5C1C736892007111CB /* NSFetchedResultsControllerDelegate */,
				A2295E821C6C81A50019892A /* Popover */,
			);
			name = ViewControllers;
			sourceTree = "<group>";
		};
		A25D3D011CA27BD40028BB76 /* MapAnnotation */ = {
			isa = PBXGroup;
			children = (
				A2D00EC31C9EC66900D988B2 /* ITBMapAnnotation.h */,
				A2D00EC41C9EC66900D988B2 /* ITBMapAnnotation.m */,
			);
			name = MapAnnotation;
			sourceTree = "<group>";
		};
		A25D3D021CA27C300028BB76 /* NSManagedObjects */ = {
			isa = PBXGroup;
			children = (
				A2D5D2E61C907A4600136AD3 /* ITBCategory+CoreDataProperties.h */,
				A2D5D2E71C907A4600136AD3 /* ITBCategory+CoreDataProperties.m */,
				A2D5D2E81C907A4600136AD3 /* ITBCategory.h */,
				A2D5D2E91C907A4600136AD3 /* ITBCategory.m */,
				A2D5D2EA1C907A4600136AD3 /* ITBUser+CoreDataProperties.h */,
				A2D5D2EB1C907A4600136AD3 /* ITBUser+CoreDataProperties.m */,
				A2D5D2EC1C907A4600136AD3 /* ITBUser.h */,
				A2D5D2ED1C907A4600136AD3 /* ITBUser.m */,
				A2D00EB81C98758D00D988B2 /* ITBPhoto+CoreDataProperties.h */,
				A2D00EB91C98758D00D988B2 /* ITBPhoto+CoreDataProperties.m */,
				A2D00EBA1C98758D00D988B2 /* ITBPhoto.h */,
				A2D00EBB1C98758D00D988B2 /* ITBPhoto.m */,
				A2D00EDE1CA11DC100D988B2 /* ITBNews+CoreDataProperties.h */,
				A2D00EDF1CA11DC100D988B2 /* ITBNews+CoreDataProperties.m */,
				A2D00EE01CA11DC100D988B2 /* ITBNews.h */,
				A2D00EE11CA11DC100D988B2 /* ITBNews.m */,
			);
			name = NSManagedObjects;
			sourceTree = "<group>";
		};
		A2689EDE1C68BFB80081E8BE /* Cells */ = {
			isa = PBXGroup;
			children = (
				A2689EDF1C68BFFB0081E8BE /* ITBNewsCell.h */,
				A2689EE01C68BFFB0081E8BE /* ITBNewsCell.m */,
				A2EB7D2F1C85ED0D0056AD1F /* ITBActiveNewsCell.h */,
				A2EB7D301C85ED0D0056AD1F /* ITBActiveNewsCell.m */,
				A280FCD71C86CB5E00E78073 /* ITBNewsCellDelegate.h */,
				A2CD8ABA1C929A2F00B2A974 /* ITBThumbnailPhotoCell.h */,
				A2CD8ABB1C929A2F00B2A974 /* ITBThumbnailPhotoCell.m */,
				A2D00EB11C97C70900D988B2 /* ITBAddPhotoCell.h */,
				A2D00EB21C97C70900D988B2 /* ITBAddPhotoCell.m */,
			);
			name = Cells;
			sourceTree = "<group>";
		};
		A27F8F5C1C736892007111CB /* NSFetchedResultsControllerDelegate */ = {
			isa = PBXGroup;
			children = (
				A27F8F601C737352007111CB /* ITBHotNewsViewController.h */,
				A27F8F611C737352007111CB /* ITBHotNewsViewController.m */,
			);
			name = NSFetchedResultsControllerDelegate;
			sourceTree = "<group>";
		};
		A280FCDC1C8721DA00E78073 /* Frameworks */ = {
			isa = PBXGroup;
			children = (
				A280FCE01C8732F600E78073 /* CoreLocation.framework */,
				A280FCDA1C87219300E78073 /* MapKit.framework */,
				A280FCD81C8709B500E78073 /* Social.framework */,
			);
			name = Frameworks;
			path = NewsSearch;
			sourceTree = "<group>";
		};
/* End PBXGroup section */

/* Begin PBXNativeTarget section */
		A22F78E41C60B0CD00340FC0 /* NewsSearch */ = {
			isa = PBXNativeTarget;
			buildConfigurationList = A22F79071C60B0CD00340FC0 /* Build configuration list for PBXNativeTarget "NewsSearch" */;
			buildPhases = (
				A22F78E11C60B0CD00340FC0 /* Sources */,
				A22F78E21C60B0CD00340FC0 /* Frameworks */,
				A22F78E31C60B0CD00340FC0 /* Resources */,
			);
			buildRules = (
			);
			dependencies = (
			);
			name = NewsSearch;
			productName = NewsSearch;
			productReference = A22F78E51C60B0CD00340FC0 /* NewsSearch.app */;
			productType = "com.apple.product-type.application";
		};
		A22F78FD1C60B0CD00340FC0 /* NewsSearchTests */ = {
			isa = PBXNativeTarget;
			buildConfigurationList = A22F790A1C60B0CD00340FC0 /* Build configuration list for PBXNativeTarget "NewsSearchTests" */;
			buildPhases = (
				A22F78FA1C60B0CD00340FC0 /* Sources */,
				A22F78FB1C60B0CD00340FC0 /* Frameworks */,
				A22F78FC1C60B0CD00340FC0 /* Resources */,
			);
			buildRules = (
			);
			dependencies = (
				A22F79001C60B0CD00340FC0 /* PBXTargetDependency */,
			);
			name = NewsSearchTests;
			productName = NewsSearchTests;
			productReference = A22F78FE1C60B0CD00340FC0 /* NewsSearchTests.xctest */;
			productType = "com.apple.product-type.bundle.unit-test";
		};
/* End PBXNativeTarget section */

/* Begin PBXProject section */
		A22F78DD1C60B0CD00340FC0 /* Project object */ = {
			isa = PBXProject;
			attributes = {
				LastUpgradeCheck = 0720;
				ORGANIZATIONNAME = "Oleg Pochtovy";
				TargetAttributes = {
					A22F78E41C60B0CD00340FC0 = {
						CreatedOnToolsVersion = 7.2;
						DevelopmentTeam = E369292HKR;
					};
					A22F78FD1C60B0CD00340FC0 = {
						CreatedOnToolsVersion = 7.2;
						DevelopmentTeam = E369292HKR;
						TestTargetID = A22F78E41C60B0CD00340FC0;
					};
				};
			};
			buildConfigurationList = A22F78E01C60B0CD00340FC0 /* Build configuration list for PBXProject "NewsSearch" */;
			compatibilityVersion = "Xcode 3.2";
			developmentRegion = English;
			hasScannedForEncodings = 0;
			knownRegions = (
				en,
				Base,
				ru,
			);
			mainGroup = A22F78DC1C60B0CD00340FC0;
			productRefGroup = A22F78E61C60B0CD00340FC0 /* Products */;
			projectDirPath = "";
			projectRoot = "";
			targets = (
				A22F78E41C60B0CD00340FC0 /* NewsSearch */,
				A22F78FD1C60B0CD00340FC0 /* NewsSearchTests */,
			);
		};
/* End PBXProject section */

/* Begin PBXResourcesBuildPhase section */
		A22F78E31C60B0CD00340FC0 /* Resources */ = {
			isa = PBXResourcesBuildPhase;
			buildActionMask = 2147483647;
			files = (
				A22F78F81C60B0CD00340FC0 /* LaunchScreen.storyboard in Resources */,
				A236F1831C6E3B12001D0902 /* Localizable.strings in Resources */,
				A22F78F51C60B0CD00340FC0 /* Assets.xcassets in Resources */,
				A22F78F31C60B0CD00340FC0 /* Main.storyboard in Resources */,
			);
			runOnlyForDeploymentPostprocessing = 0;
		};
		A22F78FC1C60B0CD00340FC0 /* Resources */ = {
			isa = PBXResourcesBuildPhase;
			buildActionMask = 2147483647;
			files = (
			);
			runOnlyForDeploymentPostprocessing = 0;
		};
/* End PBXResourcesBuildPhase section */

/* Begin PBXSourcesBuildPhase section */
		A22F78E11C60B0CD00340FC0 /* Sources */ = {
			isa = PBXSourcesBuildPhase;
			buildActionMask = 2147483647;
			files = (
				A2D5D2F41C907A4600136AD3 /* ITBUser+CoreDataProperties.m in Sources */,
				A2EB7D311C85ED0D0056AD1F /* ITBActiveNewsCell.m in Sources */,
				A2D00EBE1C98758D00D988B2 /* ITBPhoto+CoreDataProperties.m in Sources */,
				A2D5D2F21C907A4600136AD3 /* ITBCategory+CoreDataProperties.m in Sources */,
				A2D5D9A41C69D6B000AAB625 /* ITBLoginTableViewController.m in Sources */,
				A2D00EE21CA11DC100D988B2 /* ITBNews+CoreDataProperties.m in Sources */,
				A2F5E86A1C7C7DB600677907 /* ITBNewsAPI.m in Sources */,
				A2D00EBF1C98758D00D988B2 /* ITBPhoto.m in Sources */,
				A2D00EE31CA11DC100D988B2 /* ITBNews.m in Sources */,
				A21037D81C71BF9100B1D8B3 /* NewsSearch.xcdatamodeld in Sources */,
				A236F1801C6E2861001D0902 /* ITBNewsDetailViewController.m in Sources */,
				A2D00EC51C9EC66900D988B2 /* ITBMapAnnotation.m in Sources */,
				A27F8F621C737352007111CB /* ITBHotNewsViewController.m in Sources */,
				A215C56E1C91249700FA0E4D /* ITBAddCustomNewsViewController.m in Sources */,
				A2778AE31C8858D800FF3E65 /* ITBUtils.m in Sources */,
				A22F78ED1C60B0CD00340FC0 /* AppDelegate.m in Sources */,
				A2D5D2CF1C8F1DB300136AD3 /* ITBCustomNewsDetailViewController.m in Sources */,
				A2295E881C6C97500019892A /* ITBCategoriesViewController.m in Sources */,
				A2689EE11C68BFFB0081E8BE /* ITBNewsCell.m in Sources */,
				A2D00EC21C9EAE3900D988B2 /* ITBMapViewController.m in Sources */,
				A2D00EB31C97C70900D988B2 /* ITBAddPhotoCell.m in Sources */,
				A2CD8ABC1C929A2F00B2A974 /* ITBThumbnailPhotoCell.m in Sources */,
				A2F08EB11C6B1FC10008B932 /* ITBSignInTableViewController.m in Sources */,
				A22F78EA1C60B0CD00340FC0 /* main.m in Sources */,
				A2D5D2F31C907A4600136AD3 /* ITBCategory.m in Sources */,
				A2F5E86D1C7C7F7500677907 /* ITBRestClient.m in Sources */,
				A2D5D2F51C907A4600136AD3 /* ITBUser.m in Sources */,
				A2F5E8701C7C7FF600677907 /* ITBCoreDataManager.m in Sources */,
			);
			runOnlyForDeploymentPostprocessing = 0;
		};
		A22F78FA1C60B0CD00340FC0 /* Sources */ = {
			isa = PBXSourcesBuildPhase;
			buildActionMask = 2147483647;
			files = (
				A22F79031C60B0CD00340FC0 /* NewsSearchTests.m in Sources */,
			);
			runOnlyForDeploymentPostprocessing = 0;
		};
/* End PBXSourcesBuildPhase section */

/* Begin PBXTargetDependency section */
		A22F79001C60B0CD00340FC0 /* PBXTargetDependency */ = {
			isa = PBXTargetDependency;
			target = A22F78E41C60B0CD00340FC0 /* NewsSearch */;
			targetProxy = A22F78FF1C60B0CD00340FC0 /* PBXContainerItemProxy */;
		};
/* End PBXTargetDependency section */

/* Begin PBXVariantGroup section */
		A22F78F11C60B0CD00340FC0 /* Main.storyboard */ = {
			isa = PBXVariantGroup;
			children = (
				A22F78F21C60B0CD00340FC0 /* Base */,
				A236F1811C6E39EC001D0902 /* ru */,
			);
			name = Main.storyboard;
			sourceTree = "<group>";
		};
		A22F78F61C60B0CD00340FC0 /* LaunchScreen.storyboard */ = {
			isa = PBXVariantGroup;
			children = (
				A22F78F71C60B0CD00340FC0 /* Base */,
				A236F1821C6E39EC001D0902 /* ru */,
			);
			name = LaunchScreen.storyboard;
			sourceTree = "<group>";
		};
		A236F1851C6E3B12001D0902 /* Localizable.strings */ = {
			isa = PBXVariantGroup;
			children = (
				A236F1841C6E3B12001D0902 /* en */,
				A236F1861C6E3B6A001D0902 /* ru */,
			);
			name = Localizable.strings;
			sourceTree = "<group>";
		};
/* End PBXVariantGroup section */

/* Begin XCBuildConfiguration section */
		A22F79051C60B0CD00340FC0 /* Debug */ = {
			isa = XCBuildConfiguration;
			buildSettings = {
				ALWAYS_SEARCH_USER_PATHS = NO;
				CLANG_CXX_LANGUAGE_STANDARD = "gnu++0x";
				CLANG_CXX_LIBRARY = "libc++";
				CLANG_ENABLE_MODULES = YES;
				CLANG_ENABLE_OBJC_ARC = YES;
				CLANG_WARN_BOOL_CONVERSION = YES;
				CLANG_WARN_CONSTANT_CONVERSION = YES;
				CLANG_WARN_DIRECT_OBJC_ISA_USAGE = YES_ERROR;
				CLANG_WARN_EMPTY_BODY = YES;
				CLANG_WARN_ENUM_CONVERSION = YES;
				CLANG_WARN_INT_CONVERSION = YES;
				CLANG_WARN_OBJC_ROOT_CLASS = YES_ERROR;
				CLANG_WARN_UNREACHABLE_CODE = YES;
				CLANG_WARN__DUPLICATE_METHOD_MATCH = YES;
				"CODE_SIGN_IDENTITY[sdk=iphoneos*]" = "iPhone Developer";
				COPY_PHASE_STRIP = NO;
				DEBUG_INFORMATION_FORMAT = dwarf;
				ENABLE_STRICT_OBJC_MSGSEND = YES;
				ENABLE_TESTABILITY = YES;
				GCC_C_LANGUAGE_STANDARD = gnu99;
				GCC_DYNAMIC_NO_PIC = NO;
				GCC_NO_COMMON_BLOCKS = YES;
				GCC_OPTIMIZATION_LEVEL = 0;
				GCC_PREPROCESSOR_DEFINITIONS = (
					"DEBUG=1",
					"$(inherited)",
				);
				GCC_WARN_64_TO_32_BIT_CONVERSION = YES;
				GCC_WARN_ABOUT_RETURN_TYPE = YES_ERROR;
				GCC_WARN_UNDECLARED_SELECTOR = YES;
				GCC_WARN_UNINITIALIZED_AUTOS = YES_AGGRESSIVE;
				GCC_WARN_UNUSED_FUNCTION = YES;
				GCC_WARN_UNUSED_VARIABLE = YES;
				IPHONEOS_DEPLOYMENT_TARGET = 9.2;
				MTL_ENABLE_DEBUG_INFO = YES;
				ONLY_ACTIVE_ARCH = YES;
				SDKROOT = iphoneos;
				TARGETED_DEVICE_FAMILY = "1,2";
			};
			name = Debug;
		};
		A22F79061C60B0CD00340FC0 /* Release */ = {
			isa = XCBuildConfiguration;
			buildSettings = {
				ALWAYS_SEARCH_USER_PATHS = NO;
				CLANG_CXX_LANGUAGE_STANDARD = "gnu++0x";
				CLANG_CXX_LIBRARY = "libc++";
				CLANG_ENABLE_MODULES = YES;
				CLANG_ENABLE_OBJC_ARC = YES;
				CLANG_WARN_BOOL_CONVERSION = YES;
				CLANG_WARN_CONSTANT_CONVERSION = YES;
				CLANG_WARN_DIRECT_OBJC_ISA_USAGE = YES_ERROR;
				CLANG_WARN_EMPTY_BODY = YES;
				CLANG_WARN_ENUM_CONVERSION = YES;
				CLANG_WARN_INT_CONVERSION = YES;
				CLANG_WARN_OBJC_ROOT_CLASS = YES_ERROR;
				CLANG_WARN_UNREACHABLE_CODE = YES;
				CLANG_WARN__DUPLICATE_METHOD_MATCH = YES;
				"CODE_SIGN_IDENTITY[sdk=iphoneos*]" = "iPhone Developer";
				COPY_PHASE_STRIP = NO;
				DEBUG_INFORMATION_FORMAT = "dwarf-with-dsym";
				ENABLE_NS_ASSERTIONS = NO;
				ENABLE_STRICT_OBJC_MSGSEND = YES;
				GCC_C_LANGUAGE_STANDARD = gnu99;
				GCC_NO_COMMON_BLOCKS = YES;
				GCC_WARN_64_TO_32_BIT_CONVERSION = YES;
				GCC_WARN_ABOUT_RETURN_TYPE = YES_ERROR;
				GCC_WARN_UNDECLARED_SELECTOR = YES;
				GCC_WARN_UNINITIALIZED_AUTOS = YES_AGGRESSIVE;
				GCC_WARN_UNUSED_FUNCTION = YES;
				GCC_WARN_UNUSED_VARIABLE = YES;
				IPHONEOS_DEPLOYMENT_TARGET = 9.2;
				MTL_ENABLE_DEBUG_INFO = NO;
				SDKROOT = iphoneos;
				TARGETED_DEVICE_FAMILY = "1,2";
				VALIDATE_PRODUCT = YES;
			};
			name = Release;
		};
		A22F79081C60B0CD00340FC0 /* Debug */ = {
			isa = XCBuildConfiguration;
			buildSettings = {
				ASSETCATALOG_COMPILER_APPICON_NAME = AppIcon;
				INFOPLIST_FILE = NewsSearch/Info.plist;
				LD_RUNPATH_SEARCH_PATHS = "$(inherited) @executable_path/Frameworks";
				PRODUCT_BUNDLE_IDENTIFIER = com.olegpochtovy.NewsSearch;
				PRODUCT_NAME = "$(TARGET_NAME)";
			};
			name = Debug;
		};
		A22F79091C60B0CD00340FC0 /* Release */ = {
			isa = XCBuildConfiguration;
			buildSettings = {
				ASSETCATALOG_COMPILER_APPICON_NAME = AppIcon;
				INFOPLIST_FILE = NewsSearch/Info.plist;
				LD_RUNPATH_SEARCH_PATHS = "$(inherited) @executable_path/Frameworks";
				PRODUCT_BUNDLE_IDENTIFIER = com.olegpochtovy.NewsSearch;
				PRODUCT_NAME = "$(TARGET_NAME)";
			};
			name = Release;
		};
		A22F790B1C60B0CD00340FC0 /* Debug */ = {
			isa = XCBuildConfiguration;
			buildSettings = {
				BUNDLE_LOADER = "$(TEST_HOST)";
				INFOPLIST_FILE = NewsSearchTests/Info.plist;
				LD_RUNPATH_SEARCH_PATHS = "$(inherited) @executable_path/Frameworks @loader_path/Frameworks";
				PRODUCT_BUNDLE_IDENTIFIER = com.olegpochtovy.NewsSearchTests;
				PRODUCT_NAME = "$(TARGET_NAME)";
				TEST_HOST = "$(BUILT_PRODUCTS_DIR)/NewsSearch.app/NewsSearch";
			};
			name = Debug;
		};
		A22F790C1C60B0CD00340FC0 /* Release */ = {
			isa = XCBuildConfiguration;
			buildSettings = {
				BUNDLE_LOADER = "$(TEST_HOST)";
				INFOPLIST_FILE = NewsSearchTests/Info.plist;
				LD_RUNPATH_SEARCH_PATHS = "$(inherited) @executable_path/Frameworks @loader_path/Frameworks";
				PRODUCT_BUNDLE_IDENTIFIER = com.olegpochtovy.NewsSearchTests;
				PRODUCT_NAME = "$(TARGET_NAME)";
				TEST_HOST = "$(BUILT_PRODUCTS_DIR)/NewsSearch.app/NewsSearch";
			};
			name = Release;
		};
/* End XCBuildConfiguration section */

/* Begin XCConfigurationList section */
		A22F78E01C60B0CD00340FC0 /* Build configuration list for PBXProject "NewsSearch" */ = {
			isa = XCConfigurationList;
			buildConfigurations = (
				A22F79051C60B0CD00340FC0 /* Debug */,
				A22F79061C60B0CD00340FC0 /* Release */,
			);
			defaultConfigurationIsVisible = 0;
			defaultConfigurationName = Release;
		};
		A22F79071C60B0CD00340FC0 /* Build configuration list for PBXNativeTarget "NewsSearch" */ = {
			isa = XCConfigurationList;
			buildConfigurations = (
				A22F79081C60B0CD00340FC0 /* Debug */,
				A22F79091C60B0CD00340FC0 /* Release */,
			);
			defaultConfigurationIsVisible = 0;
			defaultConfigurationName = Release;
		};
		A22F790A1C60B0CD00340FC0 /* Build configuration list for PBXNativeTarget "NewsSearchTests" */ = {
			isa = XCConfigurationList;
			buildConfigurations = (
				A22F790B1C60B0CD00340FC0 /* Debug */,
				A22F790C1C60B0CD00340FC0 /* Release */,
			);
			defaultConfigurationIsVisible = 0;
			defaultConfigurationName = Release;
		};
/* End XCConfigurationList section */

/* Begin XCVersionGroup section */
		A21037D61C71BF9100B1D8B3 /* NewsSearch.xcdatamodeld */ = {
			isa = XCVersionGroup;
			children = (
				A21037D71C71BF9100B1D8B3 /* NewsSearch.xcdatamodel */,
			);
			currentVersion = A21037D71C71BF9100B1D8B3 /* NewsSearch.xcdatamodel */;
			path = NewsSearch.xcdatamodeld;
			sourceTree = "<group>";
			versionGroupType = wrapper.xcdatamodel;
		};
/* End XCVersionGroup section */
	};
	rootObject = A22F78DD1C60B0CD00340FC0 /* Project object */;
}
